
Microsoft Visual Studio Solution File, Format Version 12.00
# Visual Studio Version 16
VisualStudioVersion = 16.0.29911.84
MinimumVisualStudioVersion = 10.0.40219.1
Project("{8BC9CEB8-8B4A-11D0-8D11-00A0C91BC942}") = "Calculator", "Calculator\Calculator.vcxproj", "{F46A1F81-85B6-45D2-9FE1-C663EB0ABDBA}"
EndProject
Global
	GlobalSection(SolutionConfigurationPlatforms) = preSolution
		Debug|x64 = Debug|x64
		Debug|x86 = Debug|x86
		Release|x64 = Release|x64
		Release|x86 = Release|x86
	EndGlobalSection
	GlobalSection(ProjectConfigurationPlatforms) = postSolution
		{F46A1F81-85B6-45D2-9FE1-C663EB0ABDBA}.Debug|x64.ActiveCfg = Debug|x64
		{F46A1F81-85B6-45D2-9FE1-C663EB0ABDBA}.Debug|x64.Build.0 = Debug|x64
		{F46A1F81-85B6-45D2-9FE1-C663EB0ABDBA}.Debug|x86.ActiveCfg = Debug|Win32
		{F46A1F81-85B6-45D2-9FE1-C663EB0ABDBA}.Debug|x86.Build.0 = Debug|Win32
		{F46A1F81-85B6-45D2-9FE1-C663EB0ABDBA}.Release|x64.ActiveCfg = Release|x64
		{F46A1F81-85B6-45D2-9FE1-C663EB0ABDBA}.Release|x64.Build.0 = Release|x64
		{F46A1F81-85B6-45D2-9FE1-C663EB0ABDBA}.Release|x86.ActiveCfg = Release|Win32
		{F46A1F81-85B6-45D2-9FE1-C663EB0ABDBA}.Release|x86.Build.0 = Release|Win32
	EndGlobalSection
	GlobalSection(SolutionProperties) = preSolution
		HideSolutionNode = FALSE
	EndGlobalSection
	GlobalSection(ExtensibilityGlobals) = postSolution
		SolutionGuid = {217AD0CA-2463-4EE7-BE6A-49C0FA26A503}
	EndGlobalSection
EndGlobal
